# This file is automatically @generated by Cargo.
# It is not intended for manual editing.
version = 3

[[package]]
name = "anymap"
version = "0.12.1"
source = "registry+https://github.com/rust-lang/crates.io-index"
checksum = "33954243bd79057c2de7338850b85983a44588021f8a5fee574a8888c6de4344"

[[package]]
name = "once_cell"
version = "1.9.0"
source = "registry+https://github.com/rust-lang/crates.io-index"
checksum = "da32515d9f6e6e489d7bc9d84c71b060db7247dc035bbe44eac88cf87486d8d5"

[[package]]
name = "qcell"
version = "0.4.3"
source = "registry+https://github.com/rust-lang/crates.io-index"
checksum = "2e2b4c7d8d615d32bb11eb895985dab6a136958fb35cbc46d44c2b7efee8ba9a"
dependencies = [
 "once_cell",
]

[[package]]
name = "slab"
version = "0.4.5"
source = "registry+https://github.com/rust-lang/crates.io-index"
checksum = "9def91fd1e018fe007022791f865d0ccc9b3a0d5001e01aabb8b40e46000afb5"

[[package]]
name = "stakker"
version = "0.1.0"
dependencies = [
 "stakker 0.2.4",
]

[[package]]
name = "stakker"
version = "0.2.4"
source = "registry+https://github.com/rust-lang/crates.io-index"
checksum = "6d66bd9fea7ae77a95c9f684f4cb502496dd01c490fdcbc7e0b598beb61279f7"
dependencies = [
 "anymap",
 "qcell",
 "slab",
 "static_assertions",
]

[[package]]
name = "static_assertions"
version = "1.1.0"
source = "registry+https://github.com/rust-lang/crates.io-index"
checksum = "a2eb9349b6444b326872e140eb1cf5e7c522154d69e7a0ffb0fb81c06b37543f"
